// !$*UTF8*$!
{
	archiveVersion = 1;
	classes = {
	};
	objectVersion = 46;
	objects = {

/* Begin PBXBuildFile section */
		FC28B5C71E8CD8A7006BC351 /* AppDelegate.swift in Sources */ = {isa = PBXBuildFile; fileRef = FC28B5C61E8CD8A7006BC351 /* AppDelegate.swift */; };
		FC28B5C91E8CD8A7006BC351 /* ViewController.swift in Sources */ = {isa = PBXBuildFile; fileRef = FC28B5C81E8CD8A7006BC351 /* ViewController.swift */; };
		FC28B5CC1E8CD8A7006BC351 /* Main.storyboard in Resources */ = {isa = PBXBuildFile; fileRef = FC28B5CA1E8CD8A7006BC351 /* Main.storyboard */; };
		FC28B5CE1E8CD8A7006BC351 /* Assets.xcassets in Resources */ = {isa = PBXBuildFile; fileRef = FC28B5CD1E8CD8A7006BC351 /* Assets.xcassets */; };
		FC28B5D11E8CD8A7006BC351 /* LaunchScreen.storyboard in Resources */ = {isa = PBXBuildFile; fileRef = FC28B5CF1E8CD8A7006BC351 /* LaunchScreen.storyboard */; };
/* End PBXBuildFile section */

/* Begin PBXFileReference section */
		FC28B5C31E8CD8A7006BC351 /* Flicks.app */ = {isa = PBXFileReference; explicitFileType = wrapper.application; includeInIndex = 0; path = Flicks.app; sourceTree = BUILT_PRODUCTS_DIR; };
		FC28B5C61E8CD8A7006BC351 /* AppDelegate.swift */ = {isa = PBXFileReference; lastKnownFileType = sourcecode.swift; path = AppDelegate.swift; sourceTree = "<group>"; };
		FC28B5C81E8CD8A7006BC351 /* ViewController.swift */ = {isa = PBXFileReference; lastKnownFileType = sourcecode.swift; path = ViewController.swift; sourceTree = "<group>"; };
		FC28B5CB1E8CD8A7006BC351 /* Base */ = {isa = PBXFileReference; lastKnownFileType = file.storyboard; name = Base; path = Base.lproj/Main.storyboard; sourceTree = "<group>"; };
		FC28B5CD1E8CD8A7006BC351 /* Assets.xcassets */ = {isa = PBXFileReference; lastKnownFileType = folder.assetcatalog; path = Assets.xcassets; sourceTree = "<group>"; };
		FC28B5D01E8CD8A7006BC351 /* Base */ = {isa = PBXFileReference; lastKnownFileType = file.storyboard; name = Base; path = Base.lproj/LaunchScreen.storyboard; sourceTree = "<group>"; };
		FC28B5D21E8CD8A7006BC351 /* Info.plist */ = {isa = PBXFileReference; lastKnownFileType = text.plist.xml; path = Info.plist; sourceTree = "<group>"; };
/* End PBXFileReference section */

/* Begin PBXFrameworksBuildPhase section */
		FC28B5C01E8CD8A7006BC351 /* Frameworks */ = {
			isa = PBXFrameworksBuildPhase;
			buildActionMask = 2147483647;
			files = (
			);
			runOnlyForDeploymentPostprocessing = 0;
		};
/* End PBXFrameworksBuildPhase section */

/* Begin PBXGroup section */
		FC28B5BA1E8CD8A7006BC351 = {
			isa = PBXGroup;
			children = (
				FC28B5C51E8CD8A7006BC351 /* Flicks */,
				FC28B5C41E8CD8A7006BC351 /* Products */,
			);
			sourceTree = "<group>";
		};
		FC28B5C41E8CD8A7006BC351 /* Products */ = {
			isa = PBXGroup;
			children = (
				FC28B5C31E8CD8A7006BC351 /* Flicks.app */,
			);
			name = Products;
			sourceTree = "<group>";
		};
		FC28B5C51E8CD8A7006BC351 /* Flicks */ = {
			isa = PBXGroup;
			children = (
				FC28B5C61E8CD8A7006BC351 /* AppDelegate.swift */,
				FC28B5C81E8CD8A7006BC351 /* ViewController.swift */,
				FC28B5CA1E8CD8A7006BC351 /* Main.storyboard */,
				FC28B5CD1E8CD8A7006BC351 /* Assets.xcassets */,
				FC28B5CF1E8CD8A7006BC351 /* LaunchScreen.storyboard */,
				FC28B5D21E8CD8A7006BC351 /* Info.plist */,
			);
			path = Flicks;
			sourceTree = "<group>";
		};
/* End PBXGroup section */

/* Begin PBXNativeTarget section */
		FC28B5C21E8CD8A7006BC351 /* Flicks */ = {
			isa = PBXNativeTarget;
			buildConfigurationList = FC28B5D51E8CD8A7006BC351 /* Build configuration list for PBXNativeTarget "Flicks" */;
			buildPhases = (
				FC28B5BF1E8CD8A7006BC351 /* Sources */,
				FC28B5C01E8CD8A7006BC351 /* Frameworks */,
				FC28B5C11E8CD8A7006BC351 /* Resources */,
			);
			buildRules = (
			);
			dependencies = (
			);
			name = Flicks;
			productName = Flicks;
			productReference = FC28B5C31E8CD8A7006BC351 /* Flicks.app */;
			productType = "com.apple.product-type.application";
		};
/* End PBXNativeTarget section */

/* Begin PBXProject section */
		FC28B5BB1E8CD8A7006BC351 /* Project object */ = {
			isa = PBXProject;
			attributes = {
				LastSwiftUpdateCheck = 0830;
				LastUpgradeCheck = 0830;
				ORGANIZATIONNAME = "Jonathan Wong";
				TargetAttributes = {
					FC28B5C21E8CD8A7006BC351 = {
						CreatedOnToolsVersion = 8.3;
						DevelopmentTeam = RYGQV6M476;
						ProvisioningStyle = Automatic;
					};
				};
			};
			buildConfigurationList = FC28B5BE1E8CD8A7006BC351 /* Build configuration list for PBXProject "Flicks" */;
			compatibilityVersion = "Xcode 3.2";
			developmentRegion = English;
			hasScannedForEncodings = 0;
			knownRegions = (
				en,
				Base,
			);
			mainGroup = FC28B5BA1E8CD8A7006BC351;
			productRefGroup = FC28B5C41E8CD8A7006BC351 /* Products */;
			projectDirPath = "";
			projectRoot = "";
			targets = (
				FC28B5C21E8CD8A7006BC351 /* Flicks */,
			);
		};
/* End PBXProject section */

/* Begin PBXResourcesBuildPhase section */
		FC28B5C11E8CD8A7006BC351 /* Resources */ = {
			isa = PBXResourcesBuildPhase;
			buildActionMask = 2147483647;
			files = (
				FC28B5D11E8CD8A7006BC351 /* LaunchScreen.storyboard in Resources */,
				FC28B5CE1E8CD8A7006BC351 /* Assets.xcassets in Resources */,
				FC28B5CC1E8CD8A7006BC351 /* Main.storyboard in Resources */,
			);
			runOnlyForDeploymentPostprocessing = 0;
		};
/* End PBXResourcesBuildPhase section */

/* Begin PBXSourcesBuildPhase section */
		FC28B5BF1E8CD8A7006BC351 /* Sources */ = {
			isa = PBXSourcesBuildPhase;
			buildActionMask = 2147483647;
			files = (
				FC28B5C91E8CD8A7006BC351 /* ViewController.swift in Sources */,
				FC28B5C71E8CD8A7006BC351 /* AppDelegate.swift in Sources */,
			);
			runOnlyForDeploymentPostprocessing = 0;
		};
/* End PBXSourcesBuildPhase section */

/* Begin PBXVariantGroup section */
		FC28B5CA1E8CD8A7006BC351 /* Main.storyboard */ = {
			isa = PBXVariantGroup;
			children = (
				FC28B5CB1E8CD8A7006BC351 /* Base */,
			);
			name = Main.storyboard;
			sourceTree = "<group>";
		};
		FC28B5CF1E8CD8A7006BC351 /* LaunchScreen.storyboard */ = {
			isa = PBXVariantGroup;
			children = (
				FC28B5D01E8CD8A7006BC351 /* Base */,
			);
			name = LaunchScreen.storyboard;
			sourceTree = "<group>";
		};
/* End PBXVariantGroup section */

/* Begin XCBuildConfiguration section */
		FC28B5D31E8CD8A7006BC351 /* Debug */ = {
			isa = XCBuildConfiguration;
			buildSettings = {
				ALWAYS_SEARCH_USER_PATHS = NO;
				CLANG_ANALYZER_NONNULL = YES;
				CLANG_ANALYZER_NUMBER_OBJECT_CONVERSION = YES_AGGRESSIVE;
				CLANG_CXX_LANGUAGE_STANDARD = "gnu++0x";
				CLANG_CXX_LIBRARY = "libc++";
				CLANG_ENABLE_MODULES = YES;
				CLANG_ENABLE_OBJC_ARC = YES;
				CLANG_WARN_BOOL_CONVERSION = YES;
				CLANG_WARN_CONSTANT_CONVERSION = YES;
				CLANG_WARN_DIRECT_OBJC_ISA_USAGE = YES_ERROR;
				CLANG_WARN_DOCUMENTATION_COMMENTS = YES;
				CLANG_WARN_EMPTY_BODY = YES;
				CLANG_WARN_ENUM_CONVERSION = YES;
				CLANG_WARN_INFINITE_RECURSION = YES;
				CLANG_WARN_INT_CONVERSION = YES;
				CLANG_WARN_OBJC_ROOT_CLASS = YES_ERROR;
				CLANG_WARN_SUSPICIOUS_MOVE = YES;
				CLANG_WARN_UNREACHABLE_CODE = YES;
				CLANG_WARN__DUPLICATE_METHOD_MATCH = YES;
				"CODE_SIGN_IDENTITY[sdk=iphoneos*]" = "iPhone Developer";
				COPY_PHASE_STRIP = NO;
				DEBUG_INFORMATION_FORMAT = dwarf;
				ENABLE_STRICT_OBJC_MSGSEND = YES;
				ENABLE_TESTABILITY = YES;
				GCC_C_LANGUAGE_STANDARD = gnu99;
				GCC_DYNAMIC_NO_PIC = NO;
				GCC_NO_COMMON_BLOCKS = YES;
				GCC_OPTIMIZATION_LEVEL = 0;
				GCC_PREPROCESSOR_DEFINITIONS = (
					"DEBUG=1",
					"$(inherited)",
				);
				GCC_WARN_64_TO_32_BIT_CONVERSION = YES;
				GCC_WARN_ABOUT_RETURN_TYPE = YES_ERROR;
				GCC_WARN_UNDECLARED_SELECTOR = YES;
				GCC_WARN_UNINITIALIZED_AUTOS = YES_AGGRESSIVE;
				GCC_WARN_UNUSED_FUNCTION = YES;
				GCC_WARN_UNUSED_VARIABLE = YES;
				IPHONEOS_DEPLOYMENT_TARGET = 10.3;
				MTL_ENABLE_DEBUG_INFO = YES;
				ONLY_ACTIVE_ARCH = YES;
				SDKROOT = iphoneos;
				SWIFT_ACTIVE_COMPILATION_CONDITIONS = DEBUG;
				SWIFT_OPTIMIZATION_LEVEL = "-Onone";
				TARGETED_DEVICE_FAMILY = "1,2";
			};
			name = Debug;
		};
		FC28B5D41E8CD8A7006BC351 /* Release */ = {
			isa = XCBuildConfiguration;
			buildSettings = {
				ALWAYS_SEARCH_USER_PATHS = NO;
				CLANG_ANALYZER_NONNULL = YES;
				CLANG_ANALYZER_NUMBER_OBJECT_CONVERSION = YES_AGGRESSIVE;
				CLANG_CXX_LANGUAGE_STANDARD = "gnu++0x";
				CLANG_CXX_LIBRARY = "libc++";
				CLANG_ENABLE_MODULES = YES;
				CLANG_ENABLE_OBJC_ARC = YES;
				CLANG_WARN_BOOL_CONVERSION = YES;
				CLANG_WARN_CONSTANT_CONVERSION = YES;
				CLANG_WARN_DIRECT_OBJC_ISA_USAGE = YES_ERROR;
				CLANG_WARN_DOCUMENTATION_COMMENTS = YES;
				CLANG_WARN_EMPTY_BODY = YES;
				CLANG_WARN_ENUM_CONVERSION = YES;
				CLANG_WARN_INFINITE_RECURSION = YES;
				CLANG_WARN_INT_CONVERSION = YES;
				CLANG_WARN_OBJC_ROOT_CLASS = YES_ERROR;
				CLANG_WARN_SUSPICIOUS_MOVE = YES;
				CLANG_WARN_UNREACHABLE_CODE = YES;
				CLANG_WARN__DUPLICATE_METHOD_MATCH = YES;
				"CODE_SIGN_IDENTITY[sdk=iphoneos*]" = "iPhone Developer";
				COPY_PHASE_STRIP = NO;
				DEBUG_INFORMATION_FORMAT = "dwarf-with-dsym";
				ENABLE_NS_ASSERTIONS = NO;
				ENABLE_STRICT_OBJC_MSGSEND = YES;
				GCC_C_LANGUAGE_STANDARD = gnu99;
				GCC_NO_COMMON_BLOCKS = YES;
				GCC_WARN_64_TO_32_BIT_CONVERSION = YES;
				GCC_WARN_ABOUT_RETURN_TYPE = YES_ERROR;
				GCC_WARN_UNDECLARED_SELECTOR = YES;
				GCC_WARN_UNINITIALIZED_AUTOS = YES_AGGRESSIVE;
				GCC_WARN_UNUSED_FUNCTION = YES;
				GCC_WARN_UNUSED_VARIABLE = YES;
				IPHONEOS_DEPLOYMENT_TARGET = 10.3;
				MTL_ENABLE_DEBUG_INFO = NO;
				SDKROOT = iphoneos;
				SWIFT_OPTIMIZATION_LEVEL = "-Owholemodule";
				TARGETED_DEVICE_FAMILY = "1,2";
				VALIDATE_PRODUCT = YES;
			};
			name = Release;
		};
		FC28B5D61E8CD8A7006BC351 /* Debug */ = {
			isa = XCBuildConfiguration;
			buildSettings = {
				ASSETCATALOG_COMPILER_APPICON_NAME = AppIcon;
				DEVELOPMENT_TEAM = RYGQV6M476;
				INFOPLIST_FILE = Flicks/Info.plist;
				LD_RUNPATH_SEARCH_PATHS = "$(inherited) @executable_path/Frameworks";
				PRODUCT_BUNDLE_IDENTIFIER = com.dancefeetproductions.Flicks;
				PRODUCT_NAME = "$(TARGET_NAME)";
				SWIFT_VERSION = 3.0;
			};
			name = Debug;
		};
		FC28B5D71E8CD8A7006BC351 /* Release */ = {
			isa = XCBuildConfiguration;
			buildSettings = {
				ASSETCATALOG_COMPILER_APPICON_NAME = AppIcon;
				DEVELOPMENT_TEAM = RYGQV6M476;
				INFOPLIST_FILE = Flicks/Info.plist;
				LD_RUNPATH_SEARCH_PATHS = "$(inherited) @executable_path/Frameworks";
				PRODUCT_BUNDLE_IDENTIFIER = com.dancefeetproductions.Flicks;
				PRODUCT_NAME = "$(TARGET_NAME)";
				SWIFT_VERSION = 3.0;
			};
			name = Release;
		};
/* End XCBuildConfiguration section */

/* Begin XCConfigurationList section */
		FC28B5BE1E8CD8A7006BC351 /* Build configuration list for PBXProject "Flicks" */ = {
			isa = XCConfigurationList;
			buildConfigurations = (
				FC28B5D31E8CD8A7006BC351 /* Debug */,
				FC28B5D41E8CD8A7006BC351 /* Release */,
			);
			defaultConfigurationIsVisible = 0;
			defaultConfigurationName = Release;
		};
		FC28B5D51E8CD8A7006BC351 /* Build configuration list for PBXNativeTarget "Flicks" */ = {
			isa = XCConfigurationList;
			buildConfigurations = (
				FC28B5D61E8CD8A7006BC351 /* Debug */,
				FC28B5D71E8CD8A7006BC351 /* Release */,
			);
			defaultConfigurationIsVisible = 0;
		};
/* End XCConfigurationList section */
	};
	rootObject = FC28B5BB1E8CD8A7006BC351 /* Project object */;
}
