// !$*UTF8*$!
{
	archiveVersion = 1;
	classes = {
	};
	objectVersion = 46;
	objects = {

/* Begin PBXBuildFile section */
		FC28B5C71E8CD8A7006BC351 /* AppDelegate.swift in Sources */ = {isa = PBXBuildFile; fileRef = FC28B5C61E8CD8A7006BC351 /* AppDelegate.swift */; };
		FC28B5CC1E8CD8A7006BC351 /* Main.storyboard in Resources */ = {isa = PBXBuildFile; fileRef = FC28B5CA1E8CD8A7006BC351 /* Main.storyboard */; };
		FC28B5CE1E8CD8A7006BC351 /* Assets.xcassets in Resources */ = {isa = PBXBuildFile; fileRef = FC28B5CD1E8CD8A7006BC351 /* Assets.xcassets */; };
		FC28B5D11E8CD8A7006BC351 /* LaunchScreen.storyboard in Resources */ = {isa = PBXBuildFile; fileRef = FC28B5CF1E8CD8A7006BC351 /* LaunchScreen.storyboard */; };
		FC28B5D91E8CD99C006BC351 /* NowPlayingViewController.swift in Sources */ = {isa = PBXBuildFile; fileRef = FC28B5D81E8CD99C006BC351 /* NowPlayingViewController.swift */; };
		FC28B5DD1E8CDA30006BC351 /* Alamofire.framework in Frameworks */ = {isa = PBXBuildFile; fileRef = FC28B5DC1E8CDA30006BC351 /* Alamofire.framework */; };
		FC28B5E31E8CDF7E006BC351 /* NowPlayingTableViewCell.swift in Sources */ = {isa = PBXBuildFile; fileRef = FC28B5E21E8CDF7E006BC351 /* NowPlayingTableViewCell.swift */; };
		FC28B5E61E8CE019006BC351 /* Movie.swift in Sources */ = {isa = PBXBuildFile; fileRef = FC28B5E51E8CE019006BC351 /* Movie.swift */; };
		FC28B5EA1E8DB877006BC351 /* NowPlayingDetailViewController.swift in Sources */ = {isa = PBXBuildFile; fileRef = FC28B5E91E8DB877006BC351 /* NowPlayingDetailViewController.swift */; };
		FC28B5EC1E8E0D8F006BC351 /* SVProgressHUD.framework in Frameworks */ = {isa = PBXBuildFile; fileRef = FC28B5EB1E8E0D8F006BC351 /* SVProgressHUD.framework */; };
		FC51E50F1E8F1EBF00C2A525 /* MovieCollectionViewCell.swift in Sources */ = {isa = PBXBuildFile; fileRef = FC51E50E1E8F1EBF00C2A525 /* MovieCollectionViewCell.swift */; };
/* End PBXBuildFile section */

/* Begin PBXFileReference section */
		FC28B5C31E8CD8A7006BC351 /* Flicks.app */ = {isa = PBXFileReference; explicitFileType = wrapper.application; includeInIndex = 0; path = Flicks.app; sourceTree = BUILT_PRODUCTS_DIR; };
		FC28B5C61E8CD8A7006BC351 /* AppDelegate.swift */ = {isa = PBXFileReference; lastKnownFileType = sourcecode.swift; path = AppDelegate.swift; sourceTree = "<group>"; };
		FC28B5CB1E8CD8A7006BC351 /* Base */ = {isa = PBXFileReference; lastKnownFileType = file.storyboard; name = Base; path = Base.lproj/Main.storyboard; sourceTree = "<group>"; };
		FC28B5CD1E8CD8A7006BC351 /* Assets.xcassets */ = {isa = PBXFileReference; lastKnownFileType = folder.assetcatalog; path = Assets.xcassets; sourceTree = "<group>"; };
		FC28B5D01E8CD8A7006BC351 /* Base */ = {isa = PBXFileReference; lastKnownFileType = file.storyboard; name = Base; path = Base.lproj/LaunchScreen.storyboard; sourceTree = "<group>"; };
		FC28B5D21E8CD8A7006BC351 /* Info.plist */ = {isa = PBXFileReference; lastKnownFileType = text.plist.xml; path = Info.plist; sourceTree = "<group>"; };
		FC28B5D81E8CD99C006BC351 /* NowPlayingViewController.swift */ = {isa = PBXFileReference; fileEncoding = 4; lastKnownFileType = sourcecode.swift; path = NowPlayingViewController.swift; sourceTree = "<group>"; };
		FC28B5DC1E8CDA30006BC351 /* Alamofire.framework */ = {isa = PBXFileReference; lastKnownFileType = wrapper.framework; name = Alamofire.framework; path = Carthage/Build/iOS/Alamofire.framework; sourceTree = "<group>"; };
		FC28B5E21E8CDF7E006BC351 /* NowPlayingTableViewCell.swift */ = {isa = PBXFileReference; fileEncoding = 4; lastKnownFileType = sourcecode.swift; path = NowPlayingTableViewCell.swift; sourceTree = "<group>"; };
		FC28B5E51E8CE019006BC351 /* Movie.swift */ = {isa = PBXFileReference; fileEncoding = 4; lastKnownFileType = sourcecode.swift; path = Movie.swift; sourceTree = "<group>"; };
		FC28B5E91E8DB877006BC351 /* NowPlayingDetailViewController.swift */ = {isa = PBXFileReference; fileEncoding = 4; lastKnownFileType = sourcecode.swift; path = NowPlayingDetailViewController.swift; sourceTree = "<group>"; };
		FC28B5EB1E8E0D8F006BC351 /* SVProgressHUD.framework */ = {isa = PBXFileReference; lastKnownFileType = wrapper.framework; name = SVProgressHUD.framework; path = Carthage/Build/iOS/SVProgressHUD.framework; sourceTree = "<group>"; };
		FC28B5EE1E8E100B006BC351 /* Flicks-Bridging-Header.h */ = {isa = PBXFileReference; lastKnownFileType = sourcecode.c.h; path = "Flicks-Bridging-Header.h"; sourceTree = "<group>"; };
		FC51E50E1E8F1EBF00C2A525 /* MovieCollectionViewCell.swift */ = {isa = PBXFileReference; fileEncoding = 4; lastKnownFileType = sourcecode.swift; path = MovieCollectionViewCell.swift; sourceTree = "<group>"; };
/* End PBXFileReference section */

/* Begin PBXFrameworksBuildPhase section */
		FC28B5C01E8CD8A7006BC351 /* Frameworks */ = {
			isa = PBXFrameworksBuildPhase;
			buildActionMask = 2147483647;
			files = (
				FC28B5DD1E8CDA30006BC351 /* Alamofire.framework in Frameworks */,
				FC28B5EC1E8E0D8F006BC351 /* SVProgressHUD.framework in Frameworks */,
			);
			runOnlyForDeploymentPostprocessing = 0;
		};
/* End PBXFrameworksBuildPhase section */

/* Begin PBXGroup section */
		FC28B5BA1E8CD8A7006BC351 = {
			isa = PBXGroup;
			children = (
				FC28B5C51E8CD8A7006BC351 /* Flicks */,
				FC28B5C41E8CD8A7006BC351 /* Products */,
				FC28B5DB1E8CDA30006BC351 /* Frameworks */,
			);
			sourceTree = "<group>";
		};
		FC28B5C41E8CD8A7006BC351 /* Products */ = {
			isa = PBXGroup;
			children = (
				FC28B5C31E8CD8A7006BC351 /* Flicks.app */,
			);
			name = Products;
			sourceTree = "<group>";
		};
		FC28B5C51E8CD8A7006BC351 /* Flicks */ = {
			isa = PBXGroup;
			children = (
				FC28B5E41E8CE00C006BC351 /* Models */,
				FC28B5E11E8CDF6E006BC351 /* Views */,
				FC28B5DA1E8CD9A6006BC351 /* Controllers */,
				FC28B5C61E8CD8A7006BC351 /* AppDelegate.swift */,
				FC28B5CA1E8CD8A7006BC351 /* Main.storyboard */,
				FC28B5CD1E8CD8A7006BC351 /* Assets.xcassets */,
				FC28B5CF1E8CD8A7006BC351 /* LaunchScreen.storyboard */,
				FC28B5D21E8CD8A7006BC351 /* Info.plist */,
				FC28B5EE1E8E100B006BC351 /* Flicks-Bridging-Header.h */,
			);
			path = Flicks;
			sourceTree = "<group>";
		};
		FC28B5DA1E8CD9A6006BC351 /* Controllers */ = {
			isa = PBXGroup;
			children = (
				FC28B5D81E8CD99C006BC351 /* NowPlayingViewController.swift */,
				FC28B5E91E8DB877006BC351 /* NowPlayingDetailViewController.swift */,
			);
			name = Controllers;
			sourceTree = "<group>";
		};
		FC28B5DB1E8CDA30006BC351 /* Frameworks */ = {
			isa = PBXGroup;
			children = (
				FC28B5EB1E8E0D8F006BC351 /* SVProgressHUD.framework */,
				FC28B5DC1E8CDA30006BC351 /* Alamofire.framework */,
			);
			name = Frameworks;
			sourceTree = "<group>";
		};
		FC28B5E11E8CDF6E006BC351 /* Views */ = {
			isa = PBXGroup;
			children = (
				FC28B5E21E8CDF7E006BC351 /* NowPlayingTableViewCell.swift */,
				FC51E50E1E8F1EBF00C2A525 /* MovieCollectionViewCell.swift */,
			);
			name = Views;
			sourceTree = "<group>";
		};
		FC28B5E41E8CE00C006BC351 /* Models */ = {
			isa = PBXGroup;
			children = (
				FC28B5E51E8CE019006BC351 /* Movie.swift */,
			);
			name = Models;
			sourceTree = "<group>";
		};
/* End PBXGroup section */

/* Begin PBXNativeTarget section */
		FC28B5C21E8CD8A7006BC351 /* Flicks */ = {
			isa = PBXNativeTarget;
			buildConfigurationList = FC28B5D51E8CD8A7006BC351 /* Build configuration list for PBXNativeTarget "Flicks" */;
			buildPhases = (
				FC28B5BF1E8CD8A7006BC351 /* Sources */,
				FC28B5C01E8CD8A7006BC351 /* Frameworks */,
				FC28B5C11E8CD8A7006BC351 /* Resources */,
				FC28B5DE1E8CDA4E006BC351 /* ShellScript */,
			);
			buildRules = (
			);
			dependencies = (
			);
			name = Flicks;
			productName = Flicks;
			productReference = FC28B5C31E8CD8A7006BC351 /* Flicks.app */;
			productType = "com.apple.product-type.application";
		};
/* End PBXNativeTarget section */

/* Begin PBXProject section */
		FC28B5BB1E8CD8A7006BC351 /* Project object */ = {
			isa = PBXProject;
			attributes = {
				LastSwiftUpdateCheck = 0830;
				LastUpgradeCheck = 0830;
				ORGANIZATIONNAME = "Jonathan Wong";
				TargetAttributes = {
					FC28B5C21E8CD8A7006BC351 = {
						CreatedOnToolsVersion = 8.3;
						DevelopmentTeam = RYGQV6M476;
						LastSwiftMigration = 0830;
						ProvisioningStyle = Automatic;
					};
				};
			};
			buildConfigurationList = FC28B5BE1E8CD8A7006BC351 /* Build configuration list for PBXProject "Flicks" */;
			compatibilityVersion = "Xcode 3.2";
			developmentRegion = English;
			hasScannedForEncodings = 0;
			knownRegions = (
				en,
				Base,
			);
			mainGroup = FC28B5BA1E8CD8A7006BC351;
			productRefGroup = FC28B5C41E8CD8A7006BC351 /* Products */;
			projectDirPath = "";
			projectRoot = "";
			targets = (
				FC28B5C21E8CD8A7006BC351 /* Flicks */,
			);
		};
/* End PBXProject section */

/* Begin PBXResourcesBuildPhase section */
		FC28B5C11E8CD8A7006BC351 /* Resources */ = {
			isa = PBXResourcesBuildPhase;
			buildActionMask = 2147483647;
			files = (
				FC28B5D11E8CD8A7006BC351 /* LaunchScreen.storyboard in Resources */,
				FC28B5CE1E8CD8A7006BC351 /* Assets.xcassets in Resources */,
				FC28B5CC1E8CD8A7006BC351 /* Main.storyboard in Resources */,
			);
			runOnlyForDeploymentPostprocessing = 0;
		};
/* End PBXResourcesBuildPhase section */

/* Begin PBXShellScriptBuildPhase section */
		FC28B5DE1E8CDA4E006BC351 /* ShellScript */ = {
			isa = PBXShellScriptBuildPhase;
			buildActionMask = 2147483647;
			files = (
			);
			inputPaths = (
				"$(SRCROOT)/Carthage/Build/iOS/Alamofire.framework",
				"$(SRCROOT)/Carthage/Build/iOS/SVProgressHUD.framework",
			);
			outputPaths = (
			);
			runOnlyForDeploymentPostprocessing = 0;
			shellPath = /bin/sh;
			shellScript = "/usr/local/bin/carthage copy-frameworks";
		};
/* End PBXShellScriptBuildPhase section */

/* Begin PBXSourcesBuildPhase section */
		FC28B5BF1E8CD8A7006BC351 /* Sources */ = {
			isa = PBXSourcesBuildPhase;
			buildActionMask = 2147483647;
			files = (
				FC28B5D91E8CD99C006BC351 /* NowPlayingViewController.swift in Sources */,
				FC28B5C71E8CD8A7006BC351 /* AppDelegate.swift in Sources */,
				FC28B5E31E8CDF7E006BC351 /* NowPlayingTableViewCell.swift in Sources */,
				FC51E50F1E8F1EBF00C2A525 /* MovieCollectionViewCell.swift in Sources */,
				FC28B5E61E8CE019006BC351 /* Movie.swift in Sources */,
				FC28B5EA1E8DB877006BC351 /* NowPlayingDetailViewController.swift in Sources */,
			);
			runOnlyForDeploymentPostprocessing = 0;
		};
/* End PBXSourcesBuildPhase section */

/* Begin PBXVariantGroup section */
		FC28B5CA1E8CD8A7006BC351 /* Main.storyboard */ = {
			isa = PBXVariantGroup;
			children = (
				FC28B5CB1E8CD8A7006BC351 /* Base */,
			);
			name = Main.storyboard;
			sourceTree = "<group>";
		};
		FC28B5CF1E8CD8A7006BC351 /* LaunchScreen.storyboard */ = {
			isa = PBXVariantGroup;
			children = (
				FC28B5D01E8CD8A7006BC351 /* Base */,
			);
			name = LaunchScreen.storyboard;
			sourceTree = "<group>";
		};
/* End PBXVariantGroup section */

/* Begin XCBuildConfiguration section */
		FC28B5D31E8CD8A7006BC351 /* Debug */ = {
			isa = XCBuildConfiguration;
			buildSettings = {
				ALWAYS_SEARCH_USER_PATHS = NO;
				CLANG_ANALYZER_NONNULL = YES;
				CLANG_ANALYZER_NUMBER_OBJECT_CONVERSION = YES_AGGRESSIVE;
				CLANG_CXX_LANGUAGE_STANDARD = "gnu++0x";
				CLANG_CXX_LIBRARY = "libc++";
				CLANG_ENABLE_MODULES = YES;
				CLANG_ENABLE_OBJC_ARC = YES;
				CLANG_WARN_BOOL_CONVERSION = YES;
				CLANG_WARN_CONSTANT_CONVERSION = YES;
				CLANG_WARN_DIRECT_OBJC_ISA_USAGE = YES_ERROR;
				CLANG_WARN_DOCUMENTATION_COMMENTS = YES;
				CLANG_WARN_EMPTY_BODY = YES;
				CLANG_WARN_ENUM_CONVERSION = YES;
				CLANG_WARN_INFINITE_RECURSION = YES;
				CLANG_WARN_INT_CONVERSION = YES;
				CLANG_WARN_OBJC_ROOT_CLASS = YES_ERROR;
				CLANG_WARN_SUSPICIOUS_MOVE = YES;
				CLANG_WARN_UNREACHABLE_CODE = YES;
				CLANG_WARN__DUPLICATE_METHOD_MATCH = YES;
				"CODE_SIGN_IDENTITY[sdk=iphoneos*]" = "iPhone Developer";
				COPY_PHASE_STRIP = NO;
				DEBUG_INFORMATION_FORMAT = dwarf;
				ENABLE_STRICT_OBJC_MSGSEND = YES;
				ENABLE_TESTABILITY = YES;
				GCC_C_LANGUAGE_STANDARD = gnu99;
				GCC_DYNAMIC_NO_PIC = NO;
				GCC_NO_COMMON_BLOCKS = YES;
				GCC_OPTIMIZATION_LEVEL = 0;
				GCC_PREPROCESSOR_DEFINITIONS = (
					"DEBUG=1",
					"$(inherited)",
				);
				GCC_WARN_64_TO_32_BIT_CONVERSION = YES;
				GCC_WARN_ABOUT_RETURN_TYPE = YES_ERROR;
				GCC_WARN_UNDECLARED_SELECTOR = YES;
				GCC_WARN_UNINITIALIZED_AUTOS = YES_AGGRESSIVE;
				GCC_WARN_UNUSED_FUNCTION = YES;
				GCC_WARN_UNUSED_VARIABLE = YES;
				IPHONEOS_DEPLOYMENT_TARGET = 10.3;
				MTL_ENABLE_DEBUG_INFO = YES;
				ONLY_ACTIVE_ARCH = YES;
				SDKROOT = iphoneos;
				SWIFT_ACTIVE_COMPILATION_CONDITIONS = DEBUG;
				SWIFT_OPTIMIZATION_LEVEL = "-Onone";
				TARGETED_DEVICE_FAMILY = "1,2";
			};
			name = Debug;
		};
		FC28B5D41E8CD8A7006BC351 /* Release */ = {
			isa = XCBuildConfiguration;
			buildSettings = {
				ALWAYS_SEARCH_USER_PATHS = NO;
				CLANG_ANALYZER_NONNULL = YES;
				CLANG_ANALYZER_NUMBER_OBJECT_CONVERSION = YES_AGGRESSIVE;
				CLANG_CXX_LANGUAGE_STANDARD = "gnu++0x";
				CLANG_CXX_LIBRARY = "libc++";
				CLANG_ENABLE_MODULES = YES;
				CLANG_ENABLE_OBJC_ARC = YES;
				CLANG_WARN_BOOL_CONVERSION = YES;
				CLANG_WARN_CONSTANT_CONVERSION = YES;
				CLANG_WARN_DIRECT_OBJC_ISA_USAGE = YES_ERROR;
				CLANG_WARN_DOCUMENTATION_COMMENTS = YES;
				CLANG_WARN_EMPTY_BODY = YES;
				CLANG_WARN_ENUM_CONVERSION = YES;
				CLANG_WARN_INFINITE_RECURSION = YES;
				CLANG_WARN_INT_CONVERSION = YES;
				CLANG_WARN_OBJC_ROOT_CLASS = YES_ERROR;
				CLANG_WARN_SUSPICIOUS_MOVE = YES;
				CLANG_WARN_UNREACHABLE_CODE = YES;
				CLANG_WARN__DUPLICATE_METHOD_MATCH = YES;
				"CODE_SIGN_IDENTITY[sdk=iphoneos*]" = "iPhone Developer";
				COPY_PHASE_STRIP = NO;
				DEBUG_INFORMATION_FORMAT = "dwarf-with-dsym";
				ENABLE_NS_ASSERTIONS = NO;
				ENABLE_STRICT_OBJC_MSGSEND = YES;
				GCC_C_LANGUAGE_STANDARD = gnu99;
				GCC_NO_COMMON_BLOCKS = YES;
				GCC_WARN_64_TO_32_BIT_CONVERSION = YES;
				GCC_WARN_ABOUT_RETURN_TYPE = YES_ERROR;
				GCC_WARN_UNDECLARED_SELECTOR = YES;
				GCC_WARN_UNINITIALIZED_AUTOS = YES_AGGRESSIVE;
				GCC_WARN_UNUSED_FUNCTION = YES;
				GCC_WARN_UNUSED_VARIABLE = YES;
				IPHONEOS_DEPLOYMENT_TARGET = 10.3;
				MTL_ENABLE_DEBUG_INFO = NO;
				SDKROOT = iphoneos;
				SWIFT_OPTIMIZATION_LEVEL = "-Owholemodule";
				TARGETED_DEVICE_FAMILY = "1,2";
				VALIDATE_PRODUCT = YES;
			};
			name = Release;
		};
		FC28B5D61E8CD8A7006BC351 /* Debug */ = {
			isa = XCBuildConfiguration;
			buildSettings = {
				ASSETCATALOG_COMPILER_APPICON_NAME = AppIcon;
				CLANG_ENABLE_MODULES = YES;
				DEVELOPMENT_TEAM = RYGQV6M476;
				FRAMEWORK_SEARCH_PATHS = (
					"$(inherited)",
					"$(PROJECT_DIR)/Carthage/Build/iOS",
				);
				INFOPLIST_FILE = Flicks/Info.plist;
				LD_RUNPATH_SEARCH_PATHS = "$(inherited) @executable_path/Frameworks";
				PRODUCT_BUNDLE_IDENTIFIER = com.dancefeetproductions.Flicks;
				PRODUCT_NAME = "$(TARGET_NAME)";
				SWIFT_OBJC_BRIDGING_HEADER = "Flicks/Flicks-Bridging-Header.h";
				SWIFT_OPTIMIZATION_LEVEL = "-Onone";
				SWIFT_VERSION = 3.0;
			};
			name = Debug;
		};
		FC28B5D71E8CD8A7006BC351 /* Release */ = {
			isa = XCBuildConfiguration;
			buildSettings = {
				ASSETCATALOG_COMPILER_APPICON_NAME = AppIcon;
				CLANG_ENABLE_MODULES = YES;
				DEVELOPMENT_TEAM = RYGQV6M476;
				FRAMEWORK_SEARCH_PATHS = (
					"$(inherited)",
					"$(PROJECT_DIR)/Carthage/Build/iOS",
				);
				INFOPLIST_FILE = Flicks/Info.plist;
				LD_RUNPATH_SEARCH_PATHS = "$(inherited) @executable_path/Frameworks";
				PRODUCT_BUNDLE_IDENTIFIER = com.dancefeetproductions.Flicks;
				PRODUCT_NAME = "$(TARGET_NAME)";
				SWIFT_OBJC_BRIDGING_HEADER = "Flicks/Flicks-Bridging-Header.h";
				SWIFT_VERSION = 3.0;
			};
			name = Release;
		};
/* End XCBuildConfiguration section */

/* Begin XCConfigurationList section */
		FC28B5BE1E8CD8A7006BC351 /* Build configuration list for PBXProject "Flicks" */ = {
			isa = XCConfigurationList;
			buildConfigurations = (
				FC28B5D31E8CD8A7006BC351 /* Debug */,
				FC28B5D41E8CD8A7006BC351 /* Release */,
			);
			defaultConfigurationIsVisible = 0;
			defaultConfigurationName = Release;
		};
		FC28B5D51E8CD8A7006BC351 /* Build configuration list for PBXNativeTarget "Flicks" */ = {
			isa = XCConfigurationList;
			buildConfigurations = (
				FC28B5D61E8CD8A7006BC351 /* Debug */,
				FC28B5D71E8CD8A7006BC351 /* Release */,
			);
			defaultConfigurationIsVisible = 0;
			defaultConfigurationName = Release;
		};
/* End XCConfigurationList section */
	};
	rootObject = FC28B5BB1E8CD8A7006BC351 /* Project object */;
}
